
Microsoft Visual Studio Solution File, Format Version 12.00
# Visual Studio Version 17
VisualStudioVersion = 17.14.36401.2 d17.14
MinimumVisualStudioVersion = 10.0.40219.1
Project("{2150E333-8FDC-42A3-9474-1A3956D46DE8}") = "Gutman", "Gutman", "{02EA681E-C7D8-13C7-8484-4AC65E1B71E8}"
EndProject
Project("{FAE04EC0-301F-11D3-BF4B-00C04F79EFBC}") = "GutmanDelfina", "GutmanDelfina\GutmanDelfina.csproj", "{BD75F026-C7BE-461B-93DC-F4A208B2A3BA}"
EndProject
Global
	GlobalSection(SolutionConfigurationPlatforms) = preSolution
		Debug|Any CPU = Debug|Any CPU
		Release|Any CPU = Release|Any CPU
	EndGlobalSection
	GlobalSection(ProjectConfigurationPlatforms) = postSolution
		{BD75F026-C7BE-461B-93DC-F4A208B2A3BA}.Debug|Any CPU.ActiveCfg = Debug|Any CPU
		{BD75F026-C7BE-461B-93DC-F4A208B2A3BA}.Debug|Any CPU.Build.0 = Debug|Any CPU
		{BD75F026-C7BE-461B-93DC-F4A208B2A3BA}.Release|Any CPU.ActiveCfg = Release|Any CPU
		{BD75F026-C7BE-461B-93DC-F4A208B2A3BA}.Release|Any CPU.Build.0 = Release|Any CPU
	EndGlobalSection
	GlobalSection(SolutionProperties) = preSolution
		HideSolutionNode = FALSE
	EndGlobalSection
	GlobalSection(NestedProjects) = preSolution
		{BD75F026-C7BE-461B-93DC-F4A208B2A3BA} = {02EA681E-C7D8-13C7-8484-4AC65E1B71E8}
	EndGlobalSection
	GlobalSection(ExtensibilityGlobals) = postSolution
		SolutionGuid = {35979343-F30B-4145-BB7B-DA83119A0C74}
	EndGlobalSection
EndGlobal
